<?xml version="1.0" encoding="utf-8"?>
<Project ToolsVersion="4.0" xmlns="http://schemas.microsoft.com/developer/msbuild/2003">
  <ItemGroup>
    <Filter Include="Source Files">
      <UniqueIdentifier>{4FC737F1-C7A5-4376-A066-2A32D752A2FF}</UniqueIdentifier>
      <Extensions>cpp;c;cc;cxx;def;odl;idl;hpj;bat;asm;asmx</Extensions>
    </Filter>
    <Filter Include="Header Files">
      <UniqueIdentifier>{93995380-89BD-4b04-88EB-625FBE52EBFB}</UniqueIdentifier>
      <Extensions>h;hpp;hxx;hm;inl;inc;xsd</Extensions>
    </Filter>
    <Filter Include="Resource Files">
      <UniqueIdentifier>{67DA6AB6-F800-4c08-8B7A-83BB121AAD01}</UniqueIdentifier>
      <Extensions>rc;ico;cur;bmp;dlg;rc2;rct;bin;rgs;gif;jpg;jpeg;jpe;resx;tiff;tif;png;wav</Extensions>
    </Filter>
  </ItemGroup>
  <ItemGroup>
    <ClCompile Include="extensions.cpp">
      <Filter>Source Files</Filter>
    </ClCompile>
    <ClCompile Include="gizmo.cpp">
      <Filter>Source Files</Filter>
    </ClCompile>
    <ClCompile Include="microcosm.cpp">
      <Filter>Source Files</Filter>
    </ClCompile>
    <ClCompile Include="mirrorBox.cpp">
      <Filter>Source Files</Filter>
    </ClCompile>
    <ClCompile Include="rsCamera.cpp">
      <Filter>Source Files</Filter>
    </ClCompile>
    <ClCompile Include="texture1d.cpp">
      <Filter>Source Files</Filter>
    </ClCompile>
  </ItemGroup>
  <ItemGroup>
    <ResourceCompile Include="microcosm.rc">
      <Filter>Source Files</Filter>
    </ResourceCompile>
  </ItemGroup>
  <ItemGroup>
    <ClInclude Include="blocks.h">
      <Filter>Header Files</Filter>
    </ClInclude>
    <ClInclude Include="brain.h">
      <Filter>Header Files</Filter>
    </ClInclude>
    <ClInclude Include="cube.h">
      <Filter>Header Files</Filter>
    </ClInclude>
    <ClInclude Include="cubesAndCapsules.h">
      <Filter>Header Files</Filter>
    </ClInclude>
    <ClInclude Include="cylinder.h">
      <Filter>Header Files</Filter>
    </ClInclude>
    <ClInclude Include="extensions.h">
      <Filter>Header Files</Filter>
    </ClInclude>
    <ClInclude Include="flower.h">
      <Filter>Header Files</Filter>
    </ClInclude>
    <ClInclude Include="gizmo.h">
      <Filter>Header Files</Filter>
    </ClInclude>
    <ClInclude Include="grinder.h">
      <Filter>Header Files</Filter>
    </ClInclude>
    <ClInclude Include="knotAndSpheres.h">
      <Filter>Header Files</Filter>
    </ClInclude>
    <ClInclude Include="knotAndTorus.h">
      <Filter>Header Files</Filter>
    </ClInclude>
    <ClInclude Include="kube.h">
      <Filter>Header Files</Filter>
    </ClInclude>
    <ClInclude Include="kube2.h">
      <Filter>Header Files</Filter>
    </ClInclude>
    <ClInclude Include="kube3.h">
      <Filter>Header Files</Filter>
    </ClInclude>
    <ClInclude Include="metaballs.h">
      <Filter>Header Files</Filter>
    </ClInclude>
    <ClInclude Include="mirrorBox.h">
      <Filter>Header Files</Filter>
    </ClInclude>
    <ClInclude Include="octahedron.h">
      <Filter>Header Files</Filter>
    </ClInclude>
    <ClInclude Include="orbit.h">
      <Filter>Header Files</Filter>
    </ClInclude>
    <ClInclude Include="resource.h">
      <Filter>Header Files</Filter>
    </ClInclude>
    <ClInclude Include="ringOfTori.h">
      <Filter>Header Files</Filter>
    </ClInclude>
    <ClInclude Include="rings.h">
      <Filter>Header Files</Filter>
    </ClInclude>
    <ClInclude Include="rsCamera.h">
      <Filter>Header Files</Filter>
    </ClInclude>
    <ClInclude Include="shaders.h">
      <Filter>Header Files</Filter>
    </ClInclude>
    <ClInclude Include="spheresAndCapsules.h">
      <Filter>Header Files</Filter>
    </ClInclude>
    <ClInclude Include="stringOfEllipsoids.h">
      <Filter>Header Files</Filter>
    </ClInclude>
    <ClInclude Include="tennis.h">
      <Filter>Header Files</Filter>
    </ClInclude>
    <ClInclude Include="tetrahedron.h">
      <Filter>Header Files</Filter>
    </ClInclude>
    <ClInclude Include="texture1d.h">
      <Filter>Header Files</Filter>
    </ClInclude>
    <ClInclude Include="torusBox.h">
      <Filter>Header Files</Filter>
    </ClInclude>
    <ClInclude Include="triangleOfSpheres.h">
      <Filter>Header Files</Filter>
    </ClInclude>
    <ClInclude Include="ufo.h">
      <Filter>Header Files</Filter>
    </ClInclude>
  </ItemGroup>
  <ItemGroup>
    <Image Include="icon1.ico">
      <Filter>Resource Files</Filter>
    </Image>
  </ItemGroup>
</Project>