
Microsoft Visual Studio Solution File, Format Version 12.00
# Visual Studio 14
VisualStudioVersion = 14.0.25420.1
MinimumVisualStudioVersion = 10.0.40219.1
Project("{8BC9CEB8-8B4A-11D0-8D11-00A0C91BC942}") = "cyclone", "cyclone\cyclone.vcxproj", "{0A79E717-8222-489E-922D-56BA82F72B21}"
EndProject
Project("{2150E333-8FDC-42A3-9474-1A3956D46DE8}") = "libs", "libs", "{69482F17-CE2C-4EEC-8D16-288EEB72ED94}"
EndProject
Project("{8BC9CEB8-8B4A-11D0-8D11-00A0C91BC942}") = "rsWin32Saver", "..\libs\rsWin32Saver\rsWin32Saver.vcxproj", "{F1AF4DEC-0CE1-4E47-B5AF-3E86D1C0F293}"
EndProject
Project("{8BC9CEB8-8B4A-11D0-8D11-00A0C91BC942}") = "Rgbhsl", "..\libs\Rgbhsl\Rgbhsl.vcxproj", "{A7CC0F11-CED4-4697-BCFF-AD8015E77FBE}"
EndProject
Project("{8BC9CEB8-8B4A-11D0-8D11-00A0C91BC942}") = "rsText", "..\libs\rsText\rsText.vcxproj", "{6FADE693-C3CE-4183-B245-5F9878C5155C}"
EndProject
Project("{8BC9CEB8-8B4A-11D0-8D11-00A0C91BC942}") = "euphoria", "euphoria\euphoria.vcxproj", "{A450A0A2-B641-46C9-B138-20E06622AC8E}"
EndProject
Project("{8BC9CEB8-8B4A-11D0-8D11-00A0C91BC942}") = "rsMath", "..\libs\rsMath\rsMath.vcxproj", "{8CEDD5EF-0615-4517-8845-054E44B17E3C}"
EndProject
Project("{8BC9CEB8-8B4A-11D0-8D11-00A0C91BC942}") = "fieldlines", "fieldlines\fieldlines.vcxproj", "{9E08A8F2-1A66-48BB-91E8-EA69D2ABB9C5}"
EndProject
Project("{8BC9CEB8-8B4A-11D0-8D11-00A0C91BC942}") = "flocks", "flocks\flocks.vcxproj", "{0D39BFA6-BE78-4C2A-A93C-59050C3F573D}"
EndProject
Project("{8BC9CEB8-8B4A-11D0-8D11-00A0C91BC942}") = "flux", "flux\flux.vcxproj", "{ADE39BD6-7285-4441-9B9C-54B18C8FF77E}"
EndProject
Project("{8BC9CEB8-8B4A-11D0-8D11-00A0C91BC942}") = "helios", "helios\helios.vcxproj", "{4F079347-FCCE-46E4-A050-E334564BF732}"
EndProject
Project("{8BC9CEB8-8B4A-11D0-8D11-00A0C91BC942}") = "Implicit", "..\libs\Implicit\Implicit.vcxproj", "{83954EA0-9BE5-42AA-8B35-6D78D3F73938}"
EndProject
Project("{8BC9CEB8-8B4A-11D0-8D11-00A0C91BC942}") = "hyperspace", "hyperspace\hyperspace.vcxproj", "{BAF14235-DC1C-4744-900D-5BE84BE1672D}"
EndProject
Project("{8BC9CEB8-8B4A-11D0-8D11-00A0C91BC942}") = "implicitDemo", "implicitDemo\implicitDemo.vcxproj", "{63F1FFA0-AB40-4F11-A002-337A4107F8B6}"
EndProject
Project("{8BC9CEB8-8B4A-11D0-8D11-00A0C91BC942}") = "lattice", "lattice\lattice.vcxproj", "{351E71BA-F0B3-4753-9070-FF0E07562EAE}"
EndProject
Project("{8BC9CEB8-8B4A-11D0-8D11-00A0C91BC942}") = "microcosm", "microcosm\microcosm.vcxproj", "{2F52D13B-EABC-4E4E-9E1F-EA8B372B2F5A}"
EndProject
Project("{8BC9CEB8-8B4A-11D0-8D11-00A0C91BC942}") = "plasma", "plasma\plasma.vcxproj", "{5ED47E07-FB54-408F-8D6C-1AE6BDEAF09E}"
EndProject
Project("{8BC9CEB8-8B4A-11D0-8D11-00A0C91BC942}") = "skyrocket", "skyrocket\skyrocket.vcxproj", "{C9069251-5208-44FA-9F04-F931E7DE5903}"
EndProject
Project("{8BC9CEB8-8B4A-11D0-8D11-00A0C91BC942}") = "solarwinds", "solarwinds\solarwinds.vcxproj", "{9161C495-4A8A-4C15-8BB6-29A795EF882A}"
EndProject
Project("{8BC9CEB8-8B4A-11D0-8D11-00A0C91BC942}") = "installer", "..\installer\installer.vcxproj", "{1D429661-2ABB-4547-8DE6-336C49CC31B6}"
	ProjectSection(ProjectDependencies) = postProject
		{5ED47E07-FB54-408F-8D6C-1AE6BDEAF09E} = {5ED47E07-FB54-408F-8D6C-1AE6BDEAF09E}
		{0A79E717-8222-489E-922D-56BA82F72B21} = {0A79E717-8222-489E-922D-56BA82F72B21}
		{BAF14235-DC1C-4744-900D-5BE84BE1672D} = {BAF14235-DC1C-4744-900D-5BE84BE1672D}
		{2F52D13B-EABC-4E4E-9E1F-EA8B372B2F5A} = {2F52D13B-EABC-4E4E-9E1F-EA8B372B2F5A}
		{4F079347-FCCE-46E4-A050-E334564BF732} = {4F079347-FCCE-46E4-A050-E334564BF732}
		{C9069251-5208-44FA-9F04-F931E7DE5903} = {C9069251-5208-44FA-9F04-F931E7DE5903}
		{9161C495-4A8A-4C15-8BB6-29A795EF882A} = {9161C495-4A8A-4C15-8BB6-29A795EF882A}
		{63F1FFA0-AB40-4F11-A002-337A4107F8B6} = {63F1FFA0-AB40-4F11-A002-337A4107F8B6}
		{A450A0A2-B641-46C9-B138-20E06622AC8E} = {A450A0A2-B641-46C9-B138-20E06622AC8E}
		{0D39BFA6-BE78-4C2A-A93C-59050C3F573D} = {0D39BFA6-BE78-4C2A-A93C-59050C3F573D}
		{351E71BA-F0B3-4753-9070-FF0E07562EAE} = {351E71BA-F0B3-4753-9070-FF0E07562EAE}
		{ADE39BD6-7285-4441-9B9C-54B18C8FF77E} = {ADE39BD6-7285-4441-9B9C-54B18C8FF77E}
		{9E08A8F2-1A66-48BB-91E8-EA69D2ABB9C5} = {9E08A8F2-1A66-48BB-91E8-EA69D2ABB9C5}
	EndProjectSection
EndProject
Project("{2150E333-8FDC-42A3-9474-1A3956D46DE8}") = "screensavers", "screensavers", "{F09E6DFA-A247-4F58-B41D-1B33ECE27854}"
EndProject
Global
	GlobalSection(SolutionConfigurationPlatforms) = preSolution
		Debug|x86 = Debug|x86
		Installer|x86 = Installer|x86
		Release|x86 = Release|x86
	EndGlobalSection
	GlobalSection(ProjectConfigurationPlatforms) = postSolution
		{0A79E717-8222-489E-922D-56BA82F72B21}.Debug|x86.ActiveCfg = Debug|Win32
		{0A79E717-8222-489E-922D-56BA82F72B21}.Debug|x86.Build.0 = Debug|Win32
		{0A79E717-8222-489E-922D-56BA82F72B21}.Installer|x86.ActiveCfg = Release|Win32
		{0A79E717-8222-489E-922D-56BA82F72B21}.Installer|x86.Build.0 = Release|Win32
		{0A79E717-8222-489E-922D-56BA82F72B21}.Release|x86.ActiveCfg = Release|Win32
		{0A79E717-8222-489E-922D-56BA82F72B21}.Release|x86.Build.0 = Release|Win32
		{F1AF4DEC-0CE1-4E47-B5AF-3E86D1C0F293}.Debug|x86.ActiveCfg = Debug|Win32
		{F1AF4DEC-0CE1-4E47-B5AF-3E86D1C0F293}.Debug|x86.Build.0 = Debug|Win32
		{F1AF4DEC-0CE1-4E47-B5AF-3E86D1C0F293}.Installer|x86.ActiveCfg = Release|Win32
		{F1AF4DEC-0CE1-4E47-B5AF-3E86D1C0F293}.Installer|x86.Build.0 = Release|Win32
		{F1AF4DEC-0CE1-4E47-B5AF-3E86D1C0F293}.Release|x86.ActiveCfg = Release|Win32
		{F1AF4DEC-0CE1-4E47-B5AF-3E86D1C0F293}.Release|x86.Build.0 = Release|Win32
		{A7CC0F11-CED4-4697-BCFF-AD8015E77FBE}.Debug|x86.ActiveCfg = Debug|Win32
		{A7CC0F11-CED4-4697-BCFF-AD8015E77FBE}.Debug|x86.Build.0 = Debug|Win32
		{A7CC0F11-CED4-4697-BCFF-AD8015E77FBE}.Installer|x86.ActiveCfg = Release|Win32
		{A7CC0F11-CED4-4697-BCFF-AD8015E77FBE}.Installer|x86.Build.0 = Release|Win32
		{A7CC0F11-CED4-4697-BCFF-AD8015E77FBE}.Release|x86.ActiveCfg = Release|Win32
		{A7CC0F11-CED4-4697-BCFF-AD8015E77FBE}.Release|x86.Build.0 = Release|Win32
		{6FADE693-C3CE-4183-B245-5F9878C5155C}.Debug|x86.ActiveCfg = Debug|Win32
		{6FADE693-C3CE-4183-B245-5F9878C5155C}.Debug|x86.Build.0 = Debug|Win32
		{6FADE693-C3CE-4183-B245-5F9878C5155C}.Installer|x86.ActiveCfg = Release|Win32
		{6FADE693-C3CE-4183-B245-5F9878C5155C}.Installer|x86.Build.0 = Release|Win32
		{6FADE693-C3CE-4183-B245-5F9878C5155C}.Release|x86.ActiveCfg = Release|Win32
		{6FADE693-C3CE-4183-B245-5F9878C5155C}.Release|x86.Build.0 = Release|Win32
		{A450A0A2-B641-46C9-B138-20E06622AC8E}.Debug|x86.ActiveCfg = Debug|Win32
		{A450A0A2-B641-46C9-B138-20E06622AC8E}.Debug|x86.Build.0 = Debug|Win32
		{A450A0A2-B641-46C9-B138-20E06622AC8E}.Installer|x86.ActiveCfg = Release|Win32
		{A450A0A2-B641-46C9-B138-20E06622AC8E}.Installer|x86.Build.0 = Release|Win32
		{A450A0A2-B641-46C9-B138-20E06622AC8E}.Release|x86.ActiveCfg = Release|Win32
		{A450A0A2-B641-46C9-B138-20E06622AC8E}.Release|x86.Build.0 = Release|Win32
		{8CEDD5EF-0615-4517-8845-054E44B17E3C}.Debug|x86.ActiveCfg = Debug|Win32
		{8CEDD5EF-0615-4517-8845-054E44B17E3C}.Debug|x86.Build.0 = Debug|Win32
		{8CEDD5EF-0615-4517-8845-054E44B17E3C}.Installer|x86.ActiveCfg = Release|Win32
		{8CEDD5EF-0615-4517-8845-054E44B17E3C}.Installer|x86.Build.0 = Release|Win32
		{8CEDD5EF-0615-4517-8845-054E44B17E3C}.Release|x86.ActiveCfg = Release|Win32
		{8CEDD5EF-0615-4517-8845-054E44B17E3C}.Release|x86.Build.0 = Release|Win32
		{9E08A8F2-1A66-48BB-91E8-EA69D2ABB9C5}.Debug|x86.ActiveCfg = Debug|Win32
		{9E08A8F2-1A66-48BB-91E8-EA69D2ABB9C5}.Debug|x86.Build.0 = Debug|Win32
		{9E08A8F2-1A66-48BB-91E8-EA69D2ABB9C5}.Installer|x86.ActiveCfg = Release|Win32
		{9E08A8F2-1A66-48BB-91E8-EA69D2ABB9C5}.Installer|x86.Build.0 = Release|Win32
		{9E08A8F2-1A66-48BB-91E8-EA69D2ABB9C5}.Release|x86.ActiveCfg = Release|Win32
		{9E08A8F2-1A66-48BB-91E8-EA69D2ABB9C5}.Release|x86.Build.0 = Release|Win32
		{0D39BFA6-BE78-4C2A-A93C-59050C3F573D}.Debug|x86.ActiveCfg = Debug|Win32
		{0D39BFA6-BE78-4C2A-A93C-59050C3F573D}.Debug|x86.Build.0 = Debug|Win32
		{0D39BFA6-BE78-4C2A-A93C-59050C3F573D}.Installer|x86.ActiveCfg = Release|Win32
		{0D39BFA6-BE78-4C2A-A93C-59050C3F573D}.Installer|x86.Build.0 = Release|Win32
		{0D39BFA6-BE78-4C2A-A93C-59050C3F573D}.Release|x86.ActiveCfg = Release|Win32
		{0D39BFA6-BE78-4C2A-A93C-59050C3F573D}.Release|x86.Build.0 = Release|Win32
		{ADE39BD6-7285-4441-9B9C-54B18C8FF77E}.Debug|x86.ActiveCfg = Debug|Win32
		{ADE39BD6-7285-4441-9B9C-54B18C8FF77E}.Debug|x86.Build.0 = Debug|Win32
		{ADE39BD6-7285-4441-9B9C-54B18C8FF77E}.Installer|x86.ActiveCfg = Release|Win32
		{ADE39BD6-7285-4441-9B9C-54B18C8FF77E}.Installer|x86.Build.0 = Release|Win32
		{ADE39BD6-7285-4441-9B9C-54B18C8FF77E}.Release|x86.ActiveCfg = Release|Win32
		{ADE39BD6-7285-4441-9B9C-54B18C8FF77E}.Release|x86.Build.0 = Release|Win32
		{4F079347-FCCE-46E4-A050-E334564BF732}.Debug|x86.ActiveCfg = Debug|Win32
		{4F079347-FCCE-46E4-A050-E334564BF732}.Debug|x86.Build.0 = Debug|Win32
		{4F079347-FCCE-46E4-A050-E334564BF732}.Installer|x86.ActiveCfg = Release|Win32
		{4F079347-FCCE-46E4-A050-E334564BF732}.Installer|x86.Build.0 = Release|Win32
		{4F079347-FCCE-46E4-A050-E334564BF732}.Release|x86.ActiveCfg = Release|Win32
		{4F079347-FCCE-46E4-A050-E334564BF732}.Release|x86.Build.0 = Release|Win32
		{83954EA0-9BE5-42AA-8B35-6D78D3F73938}.Debug|x86.ActiveCfg = Debug|Win32
		{83954EA0-9BE5-42AA-8B35-6D78D3F73938}.Debug|x86.Build.0 = Debug|Win32
		{83954EA0-9BE5-42AA-8B35-6D78D3F73938}.Installer|x86.ActiveCfg = Release|Win32
		{83954EA0-9BE5-42AA-8B35-6D78D3F73938}.Installer|x86.Build.0 = Release|Win32
		{83954EA0-9BE5-42AA-8B35-6D78D3F73938}.Release|x86.ActiveCfg = Release|Win32
		{83954EA0-9BE5-42AA-8B35-6D78D3F73938}.Release|x86.Build.0 = Release|Win32
		{BAF14235-DC1C-4744-900D-5BE84BE1672D}.Debug|x86.ActiveCfg = Debug|Win32
		{BAF14235-DC1C-4744-900D-5BE84BE1672D}.Debug|x86.Build.0 = Debug|Win32
		{BAF14235-DC1C-4744-900D-5BE84BE1672D}.Installer|x86.ActiveCfg = Release|Win32
		{BAF14235-DC1C-4744-900D-5BE84BE1672D}.Installer|x86.Build.0 = Release|Win32
		{BAF14235-DC1C-4744-900D-5BE84BE1672D}.Release|x86.ActiveCfg = Release|Win32
		{BAF14235-DC1C-4744-900D-5BE84BE1672D}.Release|x86.Build.0 = Release|Win32
		{63F1FFA0-AB40-4F11-A002-337A4107F8B6}.Debug|x86.ActiveCfg = Debug|Win32
		{63F1FFA0-AB40-4F11-A002-337A4107F8B6}.Debug|x86.Build.0 = Debug|Win32
		{63F1FFA0-AB40-4F11-A002-337A4107F8B6}.Installer|x86.ActiveCfg = Release|Win32
		{63F1FFA0-AB40-4F11-A002-337A4107F8B6}.Installer|x86.Build.0 = Release|Win32
		{63F1FFA0-AB40-4F11-A002-337A4107F8B6}.Release|x86.ActiveCfg = Release|Win32
		{63F1FFA0-AB40-4F11-A002-337A4107F8B6}.Release|x86.Build.0 = Release|Win32
		{351E71BA-F0B3-4753-9070-FF0E07562EAE}.Debug|x86.ActiveCfg = Debug|Win32
		{351E71BA-F0B3-4753-9070-FF0E07562EAE}.Debug|x86.Build.0 = Debug|Win32
		{351E71BA-F0B3-4753-9070-FF0E07562EAE}.Installer|x86.ActiveCfg = Release|Win32
		{351E71BA-F0B3-4753-9070-FF0E07562EAE}.Installer|x86.Build.0 = Release|Win32
		{351E71BA-F0B3-4753-9070-FF0E07562EAE}.Release|x86.ActiveCfg = Release|Win32
		{351E71BA-F0B3-4753-9070-FF0E07562EAE}.Release|x86.Build.0 = Release|Win32
		{2F52D13B-EABC-4E4E-9E1F-EA8B372B2F5A}.Debug|x86.ActiveCfg = Debug|Win32
		{2F52D13B-EABC-4E4E-9E1F-EA8B372B2F5A}.Debug|x86.Build.0 = Debug|Win32
		{2F52D13B-EABC-4E4E-9E1F-EA8B372B2F5A}.Installer|x86.ActiveCfg = Release|Win32
		{2F52D13B-EABC-4E4E-9E1F-EA8B372B2F5A}.Installer|x86.Build.0 = Release|Win32
		{2F52D13B-EABC-4E4E-9E1F-EA8B372B2F5A}.Release|x86.ActiveCfg = Release|Win32
		{2F52D13B-EABC-4E4E-9E1F-EA8B372B2F5A}.Release|x86.Build.0 = Release|Win32
		{5ED47E07-FB54-408F-8D6C-1AE6BDEAF09E}.Debug|x86.ActiveCfg = Debug|Win32
		{5ED47E07-FB54-408F-8D6C-1AE6BDEAF09E}.Debug|x86.Build.0 = Debug|Win32
		{5ED47E07-FB54-408F-8D6C-1AE6BDEAF09E}.Installer|x86.ActiveCfg = Release|Win32
		{5ED47E07-FB54-408F-8D6C-1AE6BDEAF09E}.Installer|x86.Build.0 = Release|Win32
		{5ED47E07-FB54-408F-8D6C-1AE6BDEAF09E}.Release|x86.ActiveCfg = Release|Win32
		{5ED47E07-FB54-408F-8D6C-1AE6BDEAF09E}.Release|x86.Build.0 = Release|Win32
		{C9069251-5208-44FA-9F04-F931E7DE5903}.Debug|x86.ActiveCfg = Debug|Win32
		{C9069251-5208-44FA-9F04-F931E7DE5903}.Debug|x86.Build.0 = Debug|Win32
		{C9069251-5208-44FA-9F04-F931E7DE5903}.Installer|x86.ActiveCfg = Release|Win32
		{C9069251-5208-44FA-9F04-F931E7DE5903}.Installer|x86.Build.0 = Release|Win32
		{C9069251-5208-44FA-9F04-F931E7DE5903}.Release|x86.ActiveCfg = Release|Win32
		{C9069251-5208-44FA-9F04-F931E7DE5903}.Release|x86.Build.0 = Release|Win32
		{9161C495-4A8A-4C15-8BB6-29A795EF882A}.Debug|x86.ActiveCfg = Debug|Win32
		{9161C495-4A8A-4C15-8BB6-29A795EF882A}.Debug|x86.Build.0 = Debug|Win32
		{9161C495-4A8A-4C15-8BB6-29A795EF882A}.Installer|x86.ActiveCfg = Release|Win32
		{9161C495-4A8A-4C15-8BB6-29A795EF882A}.Installer|x86.Build.0 = Release|Win32
		{9161C495-4A8A-4C15-8BB6-29A795EF882A}.Release|x86.ActiveCfg = Release|Win32
		{9161C495-4A8A-4C15-8BB6-29A795EF882A}.Release|x86.Build.0 = Release|Win32
		{1D429661-2ABB-4547-8DE6-336C49CC31B6}.Debug|x86.ActiveCfg = Installer|Win32
		{1D429661-2ABB-4547-8DE6-336C49CC31B6}.Installer|x86.ActiveCfg = Installer|Win32
		{1D429661-2ABB-4547-8DE6-336C49CC31B6}.Installer|x86.Build.0 = Installer|Win32
		{1D429661-2ABB-4547-8DE6-336C49CC31B6}.Release|x86.ActiveCfg = Installer|Win32
	EndGlobalSection
	GlobalSection(SolutionProperties) = preSolution
		HideSolutionNode = FALSE
	EndGlobalSection
	GlobalSection(NestedProjects) = preSolution
		{0A79E717-8222-489E-922D-56BA82F72B21} = {F09E6DFA-A247-4F58-B41D-1B33ECE27854}
		{F1AF4DEC-0CE1-4E47-B5AF-3E86D1C0F293} = {69482F17-CE2C-4EEC-8D16-288EEB72ED94}
		{A7CC0F11-CED4-4697-BCFF-AD8015E77FBE} = {69482F17-CE2C-4EEC-8D16-288EEB72ED94}
		{6FADE693-C3CE-4183-B245-5F9878C5155C} = {69482F17-CE2C-4EEC-8D16-288EEB72ED94}
		{A450A0A2-B641-46C9-B138-20E06622AC8E} = {F09E6DFA-A247-4F58-B41D-1B33ECE27854}
		{8CEDD5EF-0615-4517-8845-054E44B17E3C} = {69482F17-CE2C-4EEC-8D16-288EEB72ED94}
		{9E08A8F2-1A66-48BB-91E8-EA69D2ABB9C5} = {F09E6DFA-A247-4F58-B41D-1B33ECE27854}
		{0D39BFA6-BE78-4C2A-A93C-59050C3F573D} = {F09E6DFA-A247-4F58-B41D-1B33ECE27854}
		{ADE39BD6-7285-4441-9B9C-54B18C8FF77E} = {F09E6DFA-A247-4F58-B41D-1B33ECE27854}
		{4F079347-FCCE-46E4-A050-E334564BF732} = {F09E6DFA-A247-4F58-B41D-1B33ECE27854}
		{83954EA0-9BE5-42AA-8B35-6D78D3F73938} = {69482F17-CE2C-4EEC-8D16-288EEB72ED94}
		{BAF14235-DC1C-4744-900D-5BE84BE1672D} = {F09E6DFA-A247-4F58-B41D-1B33ECE27854}
		{63F1FFA0-AB40-4F11-A002-337A4107F8B6} = {F09E6DFA-A247-4F58-B41D-1B33ECE27854}
		{351E71BA-F0B3-4753-9070-FF0E07562EAE} = {F09E6DFA-A247-4F58-B41D-1B33ECE27854}
		{2F52D13B-EABC-4E4E-9E1F-EA8B372B2F5A} = {F09E6DFA-A247-4F58-B41D-1B33ECE27854}
		{5ED47E07-FB54-408F-8D6C-1AE6BDEAF09E} = {F09E6DFA-A247-4F58-B41D-1B33ECE27854}
		{C9069251-5208-44FA-9F04-F931E7DE5903} = {F09E6DFA-A247-4F58-B41D-1B33ECE27854}
		{9161C495-4A8A-4C15-8BB6-29A795EF882A} = {F09E6DFA-A247-4F58-B41D-1B33ECE27854}
	EndGlobalSection
EndGlobal
